<?xml version="1.0" encoding="utf-8"?>
<Project ToolsVersion="4.0" xmlns="http://schemas.microsoft.com/developer/msbuild/2003">
  <ItemGroup>
    <Filter Include="Source Files">
      <UniqueIdentifier>{4FC737F1-C7A5-4376-A066-2A32D752A2FF}</UniqueIdentifier>
      <Extensions>cpp;c;cc;cxx;def;odl;idl;hpj;bat;asm;asmx</Extensions>
    </Filter>
    <Filter Include="Header Files">
      <UniqueIdentifier>{93995380-89BD-4b04-88EB-625FBE52EBFB}</UniqueIdentifier>
      <Extensions>h;hpp;hxx;hm;inl;inc;xsd</Extensions>
    </Filter>
    <Filter Include="Resource Files">
      <UniqueIdentifier>{67DA6AB6-F800-4c08-8B7A-83BB121AAD01}</UniqueIdentifier>
      <Extensions>rc;ico;cur;bmp;dlg;rc2;rct;bin;rgs;gif;jpg;jpeg;jpe;resx;tiff;tif;png;wav</Extensions>
    </Filter>
  </ItemGroup>
  <ItemGroup>
    <ClCompile Include="AutoCompletionComboBox.cpp">
      <Filter>Source Files</Filter>
    </ClCompile>
    <ClCompile Include="AutoCompletionComboBoxEdit.cpp">
      <Filter>Source Files</Filter>
    </ClCompile>
    <ClCompile Include="AVIReader.cpp">
      <Filter>Source Files</Filter>
    </ClCompile>
    <ClCompile Include="BDMenuUtils.cpp">
      <Filter>Source Files</Filter>
    </ClCompile>
    <ClCompile Include="Burner.cpp">
      <Filter>Source Files</Filter>
    </ClCompile>
    <ClCompile Include="CDVDDevice.cpp">
      <Filter>Source Files</Filter>
    </ClCompile>
    <ClCompile Include="CheckMessageBox.cpp">
      <Filter>Source Files</Filter>
    </ClCompile>
    <ClCompile Include="ChildView.cpp">
      <Filter>Source Files</Filter>
    </ClCompile>
    <ClCompile Include="Converter.cpp">
      <Filter>Source Files</Filter>
    </ClCompile>
    <ClCompile Include="CustomSliderCtrl.cpp">
      <Filter>Source Files</Filter>
    </ClCompile>
    <ClCompile Include="DeferWindowPos.cpp">
      <Filter>Source Files</Filter>
    </ClCompile>
    <ClCompile Include="Dib.cpp">
      <Filter>Source Files</Filter>
    </ClCompile>
    <ClCompile Include="DiscFormatDataEvent.cpp">
      <Filter>Source Files</Filter>
    </ClCompile>
    <ClCompile Include="DiscFormatEraseEvent.cpp">
      <Filter>Source Files</Filter>
    </ClCompile>
    <ClCompile Include="DlgAbout.cpp">
      <Filter>Source Files</Filter>
    </ClCompile>
    <ClCompile Include="DlgAddFolder.cpp">
      <Filter>Source Files</Filter>
    </ClCompile>
    <ClCompile Include="DlgBurn.cpp">
      <Filter>Source Files</Filter>
    </ClCompile>
    <ClCompile Include="DlgDeleteProfiles.cpp">
      <Filter>Source Files</Filter>
    </ClCompile>
    <ClCompile Include="DlgDiskCost.cpp">
      <Filter>Source Files</Filter>
    </ClCompile>
    <ClCompile Include="DlgNoDiskSpace.cpp">
      <Filter>Source Files</Filter>
    </ClCompile>
    <ClCompile Include="DlgProgress.cpp">
      <Filter>Source Files</Filter>
    </ClCompile>
    <ClCompile Include="DlgSaveProfile.cpp">
      <Filter>Source Files</Filter>
    </ClCompile>
    <ClCompile Include="DlgSelectTempFolder.cpp">
      <Filter>Source Files</Filter>
    </ClCompile>
    <ClCompile Include="DlgShutDown.cpp">
      <Filter>Source Files</Filter>
    </ClCompile>
    <ClCompile Include="DlgTrim.cpp">
      <Filter>Source Files</Filter>
    </ClCompile>
    <ClCompile Include="Encoder.cpp">
      <Filter>Source Files</Filter>
    </ClCompile>
    <ClCompile Include="EncoderAC3.cpp">
      <Filter>Source Files</Filter>
    </ClCompile>
    <ClCompile Include="EncoderBDMenu.cpp">
      <Filter>Source Files</Filter>
    </ClCompile>
    <ClCompile Include="EncoderBlueRay.cpp">
      <Filter>Source Files</Filter>
    </ClCompile>
    <ClCompile Include="EncoderDVD.cpp">
      <Filter>Source Files</Filter>
    </ClCompile>
    <ClCompile Include="EncoderDVDMenu.cpp">
      <Filter>Source Files</Filter>
    </ClCompile>
    <ClCompile Include="EncoderFFmpeg.cpp">
      <Filter>Source Files</Filter>
    </ClCompile>
    <ClCompile Include="EncoderMEncoder.cpp">
      <Filter>Source Files</Filter>
    </ClCompile>
    <ClCompile Include="FileDialogEx.cpp">
      <Filter>Source Files</Filter>
    </ClCompile>
    <ClCompile Include="FileList.cpp">
      <Filter>Source Files</Filter>
    </ClCompile>
    <ClCompile Include="FileList2.cpp">
      <Filter>Source Files</Filter>
    </ClCompile>
    <ClCompile Include="Filelist3.cpp">
      <Filter>Source Files</Filter>
    </ClCompile>
    <ClCompile Include="FileName.cpp">
      <Filter>Source Files</Filter>
    </ClCompile>
    <ClCompile Include="filepath.cpp">
      <Filter>Source Files</Filter>
    </ClCompile>
    <ClCompile Include="FileSystemImageEvent.cpp">
      <Filter>Source Files</Filter>
    </ClCompile>
    <ClCompile Include="Graphics.cpp">
      <Filter>Source Files</Filter>
    </ClCompile>
    <ClCompile Include="HeaderCtrlEx.cpp">
      <Filter>Source Files</Filter>
    </ClCompile>
    <ClCompile Include="HistoryComboBox.cpp">
      <Filter>Source Files</Filter>
    </ClCompile>
    <ClCompile Include="ListCtrlEx.cpp">
      <Filter>Source Files</Filter>
    </ClCompile>
    <ClCompile Include="Log.cpp">
      <Filter>Source Files</Filter>
    </ClCompile>
    <ClCompile Include="Logger.cpp">
      <Filter>Source Files</Filter>
    </ClCompile>
    <ClCompile Include="MainFrm.cpp">
      <Filter>Source Files</Filter>
    </ClCompile>
    <ClCompile Include="MainToolBar.cpp">
      <Filter>Source Files</Filter>
    </ClCompile>
    <ClCompile Include="MediaInfo.cpp">
      <Filter>Source Files</Filter>
    </ClCompile>
    <ClCompile Include="MenuList.cpp">
      <Filter>Source Files</Filter>
    </ClCompile>
    <ClCompile Include="MenuPage.cpp">
      <Filter>Source Files</Filter>
    </ClCompile>
    <ClCompile Include="MenuTemplateEx.cpp">
      <Filter>Source Files</Filter>
    </ClCompile>
    <ClCompile Include="MenuTemplateManager.cpp">
      <Filter>Source Files</Filter>
    </ClCompile>
    <ClCompile Include="MenuViewPane.cpp">
      <Filter>Source Files</Filter>
    </ClCompile>
    <ClCompile Include="MenuViewToolBar.cpp">
      <Filter>Source Files</Filter>
    </ClCompile>
    <ClCompile Include="MenuWnd.cpp">
      <Filter>Source Files</Filter>
    </ClCompile>
    <ClCompile Include="MFCCaptionBarEx.cpp">
      <Filter>Source Files</Filter>
    </ClCompile>
    <ClCompile Include="MFCToolBarButtonEx.cpp">
      <Filter>Source Files</Filter>
    </ClCompile>
    <ClCompile Include="MFCToolBarButtonEx2.cpp">
      <Filter>Source Files</Filter>
    </ClCompile>
    <ClCompile Include="MFCToolBarCheckBox.cpp">
      <Filter>Source Files</Filter>
    </ClCompile>
    <ClCompile Include="MFCToolBarEx.cpp">
      <Filter>Source Files</Filter>
    </ClCompile>
    <ClCompile Include="MFCToolBarHistoryComboBoxButton.cpp">
      <Filter>Source Files</Filter>
    </ClCompile>
    <ClCompile Include="MFCToolBarLabel.cpp">
      <Filter>Source Files</Filter>
    </ClCompile>
    <ClCompile Include="MFCToolBarMenuButtonWithBorder.cpp">
      <Filter>Source Files</Filter>
    </ClCompile>
    <ClCompile Include="MFCToolBarSlider.cpp">
      <Filter>Source Files</Filter>
    </ClCompile>
    <ClCompile Include="MKVMerge.cpp">
      <Filter>Source Files</Filter>
    </ClCompile>
    <ClCompile Include="MSMDialog.cpp">
      <Filter>Source Files</Filter>
    </ClCompile>
    <ClCompile Include="MSMLinksBar.cpp">
      <Filter>Source Files</Filter>
    </ClCompile>
    <ClCompile Include="MSMLinksBarButton.cpp">
      <Filter>Source Files</Filter>
    </ClCompile>
    <ClCompile Include="MSMMenuBar.cpp">
      <Filter>Source Files</Filter>
    </ClCompile>
    <ClCompile Include="MSMStatusBar.cpp">
      <Filter>Source Files</Filter>
    </ClCompile>
    <ClCompile Include="MSMTabCtrl.cpp">
      <Filter>Source Files</Filter>
    </ClCompile>
    <ClCompile Include="MSMTasksPane.cpp">
      <Filter>Source Files</Filter>
    </ClCompile>
    <ClCompile Include="MSMVisualManager.cpp">
      <Filter>Source Files</Filter>
    </ClCompile>
    <ClCompile Include="Observer.cpp">
      <Filter>Source Files</Filter>
    </ClCompile>
    <ClCompile Include="Options.cpp">
      <Filter>Source Files</Filter>
    </ClCompile>
    <ClCompile Include="OptionsPageBurner.cpp">
      <Filter>Source Files</Filter>
    </ClCompile>
    <ClCompile Include="OptionsPageEncoding.cpp">
      <Filter>Source Files</Filter>
    </ClCompile>
    <ClCompile Include="OptionsPageGeneral.cpp">
      <Filter>Source Files</Filter>
    </ClCompile>
    <ClCompile Include="OptionsPageInterface.cpp">
      <Filter>Source Files</Filter>
    </ClCompile>
    <ClCompile Include="OptionsSheet.cpp">
      <Filter>Source Files</Filter>
    </ClCompile>
    <ClCompile Include="OwnerDrawComboBox.cpp">
      <Filter>Source Files</Filter>
    </ClCompile>
    <ClCompile Include="PaneAdvanced.cpp">
      <Filter>Source Files</Filter>
    </ClCompile>
    <ClCompile Include="PaneMenu.cpp">
      <Filter>Source Files</Filter>
    </ClCompile>
    <ClCompile Include="PaneSimple.cpp">
      <Filter>Source Files</Filter>
    </ClCompile>
    <ClCompile Include="PaneSimpleToolBar.cpp">
      <Filter>Source Files</Filter>
    </ClCompile>
    <ClCompile Include="PGCAction.cpp">
      <Filter>Source Files</Filter>
    </ClCompile>
    <ClCompile Include="PlayerPane.cpp">
      <Filter>Source Files</Filter>
    </ClCompile>
    <ClCompile Include="PlayerToolBar.cpp">
      <Filter>Source Files</Filter>
    </ClCompile>
    <ClCompile Include="Profile.cpp">
      <Filter>Source Files</Filter>
    </ClCompile>
    <ClCompile Include="ProfileGroupListWnd.cpp">
      <Filter>Source Files</Filter>
    </ClCompile>
    <ClCompile Include="ProfileItemListWnd.cpp">
      <Filter>Source Files</Filter>
    </ClCompile>
    <ClCompile Include="ProfileManager.cpp">
      <Filter>Source Files</Filter>
    </ClCompile>
    <ClCompile Include="ProfilePane.cpp">
      <Filter>Source Files</Filter>
    </ClCompile>
    <ClCompile Include="ProfileToolBar.cpp">
      <Filter>Source Files</Filter>
    </ClCompile>
    <ClCompile Include="PropertyGridCtrlAdvanced.cpp">
      <Filter>Source Files</Filter>
    </ClCompile>
    <ClCompile Include="PropertyGridCtrlMenu.cpp">
      <Filter>Source Files</Filter>
    </ClCompile>
    <ClCompile Include="ResizableDialog.cpp">
      <Filter>Source Files</Filter>
    </ClCompile>
    <ClCompile Include="ResizableDynamicDialog .cpp">
      <Filter>Source Files</Filter>
    </ClCompile>
    <ClCompile Include="ResizableGrip.cpp">
      <Filter>Source Files</Filter>
    </ClCompile>
    <ClCompile Include="ResizableLayout.cpp">
      <Filter>Source Files</Filter>
    </ClCompile>
    <ClCompile Include="ResizableMinMax.cpp">
      <Filter>Source Files</Filter>
    </ClCompile>
    <ClCompile Include="ResizableState.cpp">
      <Filter>Source Files</Filter>
    </ClCompile>
    <ClCompile Include="ScrollList.cpp">
      <Filter>Source Files</Filter>
    </ClCompile>
    <ClCompile Include="ShellPidl.cpp">
      <Filter>Source Files</Filter>
    </ClCompile>
    <ClCompile Include="ShellTree.cpp">
      <Filter>Source Files</Filter>
    </ClCompile>
    <ClCompile Include="SidePane.cpp">
      <Filter>Source Files</Filter>
    </ClCompile>
    <ClCompile Include="StaticLink.cpp">
      <Filter>Source Files</Filter>
    </ClCompile>
    <ClCompile Include="StaticText.cpp">
      <Filter>Source Files</Filter>
    </ClCompile>
    <ClCompile Include="stdafx.cpp">
      <Filter>Source Files</Filter>
    </ClCompile>
    <ClCompile Include="Task.cpp">
      <Filter>Source Files</Filter>
    </ClCompile>
    <ClCompile Include="Task2.cpp">
      <Filter>Source Files</Filter>
    </ClCompile>
    <ClCompile Include="taskbar.cpp">
      <Filter>Source Files</Filter>
    </ClCompile>
    <ClCompile Include="ToolTipCtrlEx.cpp">
      <Filter>Source Files</Filter>
    </ClCompile>
    <ClCompile Include="UltraListCtrl.cpp">
      <Filter>Source Files</Filter>
    </ClCompile>
    <ClCompile Include="Utils.cpp">
      <Filter>Source Files</Filter>
    </ClCompile>
    <ClCompile Include="VideoList.cpp">
      <Filter>Source Files</Filter>
    </ClCompile>
    <ClCompile Include="VideoPlayerWnd.cpp">
      <Filter>Source Files</Filter>
    </ClCompile>
    <ClCompile Include="VideoSliderCtrl.cpp">
      <Filter>Source Files</Filter>
    </ClCompile>
    <ClCompile Include="VisualStylesXP.cpp">
      <Filter>Source Files</Filter>
    </ClCompile>
    <ClCompile Include="xmlutils.cpp">
      <Filter>Source Files</Filter>
    </ClCompile>
  </ItemGroup>
  <ItemGroup>
    <ClInclude Include="AutoCompletionComboBox.h">
      <Filter>Header Files</Filter>
    </ClInclude>
    <ClInclude Include="AutoCompletionComboBoxEdit.h">
      <Filter>Header Files</Filter>
    </ClInclude>
    <ClInclude Include="AVIReader.h">
      <Filter>Header Files</Filter>
    </ClInclude>
    <ClInclude Include="BDMenuUtils.h">
      <Filter>Header Files</Filter>
    </ClInclude>
    <ClInclude Include="Burner.h">
      <Filter>Header Files</Filter>
    </ClInclude>
    <ClInclude Include="CheckMessageBox.h">
      <Filter>Header Files</Filter>
    </ClInclude>
    <ClInclude Include="ChildView.h">
      <Filter>Header Files</Filter>
    </ClInclude>
    <ClInclude Include="Converter.h">
      <Filter>Header Files</Filter>
    </ClInclude>
    <ClInclude Include="CustomSliderCtrl.h">
      <Filter>Header Files</Filter>
    </ClInclude>
    <ClInclude Include="DeferWindowPos.h">
      <Filter>Header Files</Filter>
    </ClInclude>
    <ClInclude Include="Dib.h">
      <Filter>Header Files</Filter>
    </ClInclude>
    <ClInclude Include="DiscFormatDataEvent.h">
      <Filter>Header Files</Filter>
    </ClInclude>
    <ClInclude Include="DiscFormatEraseEvent.h">
      <Filter>Header Files</Filter>
    </ClInclude>
    <ClInclude Include="DlgAbout.h">
      <Filter>Header Files</Filter>
    </ClInclude>
    <ClInclude Include="DlgAddFolder.h">
      <Filter>Header Files</Filter>
    </ClInclude>
    <ClInclude Include="DlgBurn.h">
      <Filter>Header Files</Filter>
    </ClInclude>
    <ClInclude Include="DlgDeleteProfiles.h">
      <Filter>Header Files</Filter>
    </ClInclude>
    <ClInclude Include="DlgDiskCost.h">
      <Filter>Header Files</Filter>
    </ClInclude>
    <ClInclude Include="DlgNoDiskSpace.h">
      <Filter>Header Files</Filter>
    </ClInclude>
    <ClInclude Include="DlgProgress.h">
      <Filter>Header Files</Filter>
    </ClInclude>
    <ClInclude Include="DlgSaveProfile.h">
      <Filter>Header Files</Filter>
    </ClInclude>
    <ClInclude Include="DlgSelectTempFolder.h">
      <Filter>Header Files</Filter>
    </ClInclude>
    <ClInclude Include="DlgShutDown.h">
      <Filter>Header Files</Filter>
    </ClInclude>
    <ClInclude Include="DlgTrim.h">
      <Filter>Header Files</Filter>
    </ClInclude>
    <ClInclude Include="Encoder.h">
      <Filter>Header Files</Filter>
    </ClInclude>
    <ClInclude Include="EncoderAC3.h">
      <Filter>Header Files</Filter>
    </ClInclude>
    <ClInclude Include="EncoderBDMenu.h">
      <Filter>Header Files</Filter>
    </ClInclude>
    <ClInclude Include="EncoderBlueRay.h">
      <Filter>Header Files</Filter>
    </ClInclude>
    <ClInclude Include="EncoderDVD.h">
      <Filter>Header Files</Filter>
    </ClInclude>
    <ClInclude Include="EncoderDVDMenu.h">
      <Filter>Header Files</Filter>
    </ClInclude>
    <ClInclude Include="EncoderFFmpeg.h">
      <Filter>Header Files</Filter>
    </ClInclude>
    <ClInclude Include="EncoderMEncoder.h">
      <Filter>Header Files</Filter>
    </ClInclude>
    <ClInclude Include="FileDialogEx.h">
      <Filter>Header Files</Filter>
    </ClInclude>
    <ClInclude Include="FileList.h">
      <Filter>Header Files</Filter>
    </ClInclude>
    <ClInclude Include="FileName.h">
      <Filter>Header Files</Filter>
    </ClInclude>
    <ClInclude Include="filepath.h">
      <Filter>Header Files</Filter>
    </ClInclude>
    <ClInclude Include="FileSystemImageEvent.h">
      <Filter>Header Files</Filter>
    </ClInclude>
    <ClInclude Include="Graphics.h">
      <Filter>Header Files</Filter>
    </ClInclude>
    <ClInclude Include="HeaderCtrlEx.h">
      <Filter>Header Files</Filter>
    </ClInclude>
    <ClInclude Include="HistoryComboBox.h">
      <Filter>Header Files</Filter>
    </ClInclude>
    <ClInclude Include="ListCtrlEx.h">
      <Filter>Header Files</Filter>
    </ClInclude>
    <ClInclude Include="Log.h">
      <Filter>Header Files</Filter>
    </ClInclude>
    <ClInclude Include="Logger.h">
      <Filter>Header Files</Filter>
    </ClInclude>
    <ClInclude Include="MainFrm.h">
      <Filter>Header Files</Filter>
    </ClInclude>
    <ClInclude Include="MainToolBar.h">
      <Filter>Header Files</Filter>
    </ClInclude>
    <ClInclude Include="MediaInfo.h">
      <Filter>Header Files</Filter>
    </ClInclude>
    <ClInclude Include="MenuList.h">
      <Filter>Header Files</Filter>
    </ClInclude>
    <ClInclude Include="MenuPage.h">
      <Filter>Header Files</Filter>
    </ClInclude>
    <ClInclude Include="MenuTemplateEx.h">
      <Filter>Header Files</Filter>
    </ClInclude>
    <ClInclude Include="MenuTemplateManager.h">
      <Filter>Header Files</Filter>
    </ClInclude>
    <ClInclude Include="MenuViewPane.h">
      <Filter>Header Files</Filter>
    </ClInclude>
    <ClInclude Include="MenuViewToolBar.h">
      <Filter>Header Files</Filter>
    </ClInclude>
    <ClInclude Include="MenuWnd.h">
      <Filter>Header Files</Filter>
    </ClInclude>
    <ClInclude Include="MFCCaptionBarEx.h">
      <Filter>Header Files</Filter>
    </ClInclude>
    <ClInclude Include="MFCToolBarButtonEx.h">
      <Filter>Header Files</Filter>
    </ClInclude>
    <ClInclude Include="MFCToolBarButtonEx2.h">
      <Filter>Header Files</Filter>
    </ClInclude>
    <ClInclude Include="MFCToolBarCheckBox.h">
      <Filter>Header Files</Filter>
    </ClInclude>
    <ClInclude Include="MFCToolBarEx.h">
      <Filter>Header Files</Filter>
    </ClInclude>
    <ClInclude Include="MFCToolBarHistoryComboBoxButton.h">
      <Filter>Header Files</Filter>
    </ClInclude>
    <ClInclude Include="MFCToolBarLabel.h">
      <Filter>Header Files</Filter>
    </ClInclude>
    <ClInclude Include="MFCToolBarMenuButtonWithBorder.h">
      <Filter>Header Files</Filter>
    </ClInclude>
    <ClInclude Include="MFCToolBarSlider.h">
      <Filter>Header Files</Filter>
    </ClInclude>
    <ClInclude Include="MKVMerge.h">
      <Filter>Header Files</Filter>
    </ClInclude>
    <ClInclude Include="MSMDialog.h">
      <Filter>Header Files</Filter>
    </ClInclude>
    <ClInclude Include="MSMLinksBar.h">
      <Filter>Header Files</Filter>
    </ClInclude>
    <ClInclude Include="MSMLinksBarButton.h">
      <Filter>Header Files</Filter>
    </ClInclude>
    <ClInclude Include="MSMMenuBar.h">
      <Filter>Header Files</Filter>
    </ClInclude>
    <ClInclude Include="MSMStatusBar.h">
      <Filter>Header Files</Filter>
    </ClInclude>
    <ClInclude Include="MSMTabCtrl.h">
      <Filter>Header Files</Filter>
    </ClInclude>
    <ClInclude Include="MSMTasksPane.h">
      <Filter>Header Files</Filter>
    </ClInclude>
    <ClInclude Include="MSMVisualManager.h">
      <Filter>Header Files</Filter>
    </ClInclude>
    <ClInclude Include="Observer.h">
      <Filter>Header Files</Filter>
    </ClInclude>
    <ClInclude Include="Options.h">
      <Filter>Header Files</Filter>
    </ClInclude>
    <ClInclude Include="OptionsPageBurner.h">
      <Filter>Header Files</Filter>
    </ClInclude>
    <ClInclude Include="OptionsPageEncoding.h">
      <Filter>Header Files</Filter>
    </ClInclude>
    <ClInclude Include="OptionsPageGeneral.h">
      <Filter>Header Files</Filter>
    </ClInclude>
    <ClInclude Include="OptionsPageInterface.h">
      <Filter>Header Files</Filter>
    </ClInclude>
    <ClInclude Include="OptionsSheet.h">
      <Filter>Header Files</Filter>
    </ClInclude>
    <ClInclude Include="OwnerDrawComboBox.h">
      <Filter>Header Files</Filter>
    </ClInclude>
    <ClInclude Include="PaneAdvanced.h">
      <Filter>Header Files</Filter>
    </ClInclude>
    <ClInclude Include="PaneMenu.h">
      <Filter>Header Files</Filter>
    </ClInclude>
    <ClInclude Include="PaneSimple.h">
      <Filter>Header Files</Filter>
    </ClInclude>
    <ClInclude Include="PaneSimpleToolBar.h">
      <Filter>Header Files</Filter>
    </ClInclude>
    <ClInclude Include="PGCAction.h">
      <Filter>Header Files</Filter>
    </ClInclude>
    <ClInclude Include="PlayerPane.h">
      <Filter>Header Files</Filter>
    </ClInclude>
    <ClInclude Include="PlayerToolBar.h">
      <Filter>Header Files</Filter>
    </ClInclude>
    <ClInclude Include="Profile.h">
      <Filter>Header Files</Filter>
    </ClInclude>
    <ClInclude Include="ProfileGroupListWnd.h">
      <Filter>Header Files</Filter>
    </ClInclude>
    <ClInclude Include="ProfileItemListWnd.h">
      <Filter>Header Files</Filter>
    </ClInclude>
    <ClInclude Include="ProfileManager.h">
      <Filter>Header Files</Filter>
    </ClInclude>
    <ClInclude Include="ProfilePane.h">
      <Filter>Header Files</Filter>
    </ClInclude>
    <ClInclude Include="ProfileToolBar.h">
      <Filter>Header Files</Filter>
    </ClInclude>
    <ClInclude Include="PropertyGridCtrlAdvanced.h">
      <Filter>Header Files</Filter>
    </ClInclude>
    <ClInclude Include="PropertyGridCtrlMenu.h">
      <Filter>Header Files</Filter>
    </ClInclude>
    <ClInclude Include="ResizableDialog.h">
      <Filter>Header Files</Filter>
    </ClInclude>
    <ClInclude Include="ResizableDynamicDialog.h">
      <Filter>Header Files</Filter>
    </ClInclude>
    <ClInclude Include="ResizableGrip.h">
      <Filter>Header Files</Filter>
    </ClInclude>
    <ClInclude Include="ResizableLayout.h">
      <Filter>Header Files</Filter>
    </ClInclude>
    <ClInclude Include="ResizableMinMax.h">
      <Filter>Header Files</Filter>
    </ClInclude>
    <ClInclude Include="ResizableMsgSupport.h">
      <Filter>Header Files</Filter>
    </ClInclude>
    <ClInclude Include="ResizableState.h">
      <Filter>Header Files</Filter>
    </ClInclude>
    <ClInclude Include="Resource.h">
      <Filter>Header Files</Filter>
    </ClInclude>
    <ClInclude Include="ScrollList.h">
      <Filter>Header Files</Filter>
    </ClInclude>
    <ClInclude Include="ShellPidl.h">
      <Filter>Header Files</Filter>
    </ClInclude>
    <ClInclude Include="ShellTree.h">
      <Filter>Header Files</Filter>
    </ClInclude>
    <ClInclude Include="SidePane.h">
      <Filter>Header Files</Filter>
    </ClInclude>
    <ClInclude Include="StarBurnKey.h">
      <Filter>Header Files</Filter>
    </ClInclude>
    <ClInclude Include="StaticLink.h">
      <Filter>Header Files</Filter>
    </ClInclude>
    <ClInclude Include="StaticText.h">
      <Filter>Header Files</Filter>
    </ClInclude>
    <ClInclude Include="stdafx.h">
      <Filter>Header Files</Filter>
    </ClInclude>
    <ClInclude Include="Subjects.h">
      <Filter>Header Files</Filter>
    </ClInclude>
    <ClInclude Include="targetver.h">
      <Filter>Header Files</Filter>
    </ClInclude>
    <ClInclude Include="Task.h">
      <Filter>Header Files</Filter>
    </ClInclude>
    <ClInclude Include="taskbar.h">
      <Filter>Header Files</Filter>
    </ClInclude>
    <ClInclude Include="ToolTipCtrlEx.h">
      <Filter>Header Files</Filter>
    </ClInclude>
    <ClInclude Include="UltraListCtrl.h">
      <Filter>Header Files</Filter>
    </ClInclude>
    <ClInclude Include="Utils.h">
      <Filter>Header Files</Filter>
    </ClInclude>
    <ClInclude Include="VideoList.h">
      <Filter>Header Files</Filter>
    </ClInclude>
    <ClInclude Include="VideoPlayerWnd.h">
      <Filter>Header Files</Filter>
    </ClInclude>
    <ClInclude Include="VideoSliderCtrl.h">
      <Filter>Header Files</Filter>
    </ClInclude>
    <ClInclude Include="VisualStylesXP.h">
      <Filter>Header Files</Filter>
    </ClInclude>
    <ClInclude Include="xmlutils.h">
      <Filter>Header Files</Filter>
    </ClInclude>
  </ItemGroup>
  <ItemGroup>
    <None Include="ResizableMsgSupport.inl">
      <Filter>Header Files</Filter>
    </None>
    <None Include="res\003_Next.bmp">
      <Filter>Resource Files</Filter>
    </None>
    <None Include="res\BD.ico">
      <Filter>Resource Files</Filter>
    </None>
    <None Include="res\bitmap1.bmp">
      <Filter>Resource Files</Filter>
    </None>
    <None Include="res\bitmap2.bmp">
      <Filter>Resource Files</Filter>
    </None>
    <None Include="res\bmp00001.bmp">
      <Filter>Resource Files</Filter>
    </None>
    <None Include="res\bmp00002.bmp">
      <Filter>Resource Files</Filter>
    </None>
    <None Include="res\bmp00003.bmp">
      <Filter>Resource Files</Filter>
    </None>
    <None Include="res\bmp00004.bmp">
      <Filter>Resource Files</Filter>
    </None>
    <None Include="res\clock.ico">
      <Filter>Resource Files</Filter>
    </None>
    <None Include="res\coldtoolb.png">
      <Filter>Resource Files</Filter>
    </None>
    <None Include="res\Converter.rc2">
      <Filter>Resource Files</Filter>
    </None>
    <None Include="res\disc.ico">
      <Filter>Resource Files</Filter>
    </None>
    <None Include="res\disc_warning.ico">
      <Filter>Resource Files</Filter>
    </None>
    <None Include="res\disk.bmp">
      <Filter>Resource Files</Filter>
    </None>
    <None Include="res\distoolb.png">
      <Filter>Resource Files</Filter>
    </None>
    <None Include="res\empty.ico">
      <Filter>Resource Files</Filter>
    </None>
    <None Include="res\file_list.bmp">
      <Filter>Resource Files</Filter>
    </None>
    <None Include="res\film.ico">
      <Filter>Resource Files</Filter>
    </None>
    <None Include="Debug_BlueRay\Sound\Finished.wav">
      <Filter>Resource Files</Filter>
    </None>
    <None Include="Debug_DVD\Sound\Finished.wav">
      <Filter>Resource Files</Filter>
    </None>
    <None Include="res\folder.ico">
      <Filter>Resource Files</Filter>
    </None>
    <None Include="res\hottoolb.png">
      <Filter>Resource Files</Filter>
    </None>
    <None Include="res\info.bmp">
      <Filter>Resource Files</Filter>
    </None>
    <None Include="res\iphoneconverter.ico">
      <Filter>Resource Files</Filter>
    </None>
    <None Include="res\ipodconverter.ico">
      <Filter>Resource Files</Filter>
    </None>
    <None Include="res\menu-toolbar-cold.png">
      <Filter>Resource Files</Filter>
    </None>
    <None Include="res\menu-toolbar-dis.png">
      <Filter>Resource Files</Filter>
    </None>
    <None Include="res\menu-toolbar-hot.png">
      <Filter>Resource Files</Filter>
    </None>
    <None Include="res\menu-toolbar.bmp">
      <Filter>Resource Files</Filter>
    </None>
    <None Include="res\menu_img.bmp">
      <Filter>Resource Files</Filter>
    </None>
    <None Include="res\MovieDVDMaker.ico">
      <Filter>Resource Files</Filter>
    </None>
    <None Include="res\music.bmp">
      <Filter>Resource Files</Filter>
    </None>
    <None Include="res\my_hand.cur">
      <Filter>Resource Files</Filter>
    </None>
    <None Include="res\output.bmp">
      <Filter>Resource Files</Filter>
    </None>
    <None Include="res\output1.bmp">
      <Filter>Resource Files</Filter>
    </None>
    <None Include="res\pane_menu.bmp">
      <Filter>Resource Files</Filter>
    </None>
    <None Include="res\pane_sim.bmp">
      <Filter>Resource Files</Filter>
    </None>
    <None Include="res\player_cold.png">
      <Filter>Resource Files</Filter>
    </None>
    <None Include="res\player_dis.png">
      <Filter>Resource Files</Filter>
    </None>
    <None Include="res\player_hot.png">
      <Filter>Resource Files</Filter>
    </None>
    <None Include="res\profile.png">
      <Filter>Resource Files</Filter>
    </None>
    <None Include="res\profile_.bmp">
      <Filter>Resource Files</Filter>
    </None>
    <None Include="res\profile_simple.bmp">
      <Filter>Resource Files</Filter>
    </None>
    <None Include="res\profile_simple_bd.bmp">
      <Filter>Resource Files</Filter>
    </None>
    <None Include="res\prop.bmp">
      <Filter>Resource Files</Filter>
    </None>
    <None Include="res\prop_sim.bmp">
      <Filter>Resource Files</Filter>
    </None>
    <None Include="res\prop_toolbar.bmp">
      <Filter>Resource Files</Filter>
    </None>
    <None Include="res\prop_toolbar_bd.bmp">
      <Filter>Resource Files</Filter>
    </None>
    <None Include="res\simple.bmp">
      <Filter>Resource Files</Filter>
    </None>
    <None Include="res\status_converting.bmp">
      <Filter>Resource Files</Filter>
    </None>
    <None Include="res\status_idle.bmp">
      <Filter>Resource Files</Filter>
    </None>
    <None Include="res\status_paused.bmp">
      <Filter>Resource Files</Filter>
    </None>
    <None Include="res\status_stopped.bmp">
      <Filter>Resource Files</Filter>
    </None>
    <None Include="res\toolbar.bmp">
      <Filter>Resource Files</Filter>
    </None>
    <None Include="res\toolbar1.bmp">
      <Filter>Resource Files</Filter>
    </None>
    <None Include="res\toolbar_player.bmp">
      <Filter>Resource Files</Filter>
    </None>
    <None Include="res\VE_SIZEB.CUR">
      <Filter>Resource Files</Filter>
    </None>
    <None Include="res\VE_SPLIT.CUR">
      <Filter>Resource Files</Filter>
    </None>
    <None Include="res\video_preview.bmp">
      <Filter>Resource Files</Filter>
    </None>
    <None Include="res\VideoConverter.ico">
      <Filter>Resource Files</Filter>
    </None>
    <None Include="Debug_BlueRay\Scripts\avchd.meta" />
    <None Include="Debug_BlueRay\Profiles\bdmv.xml" />
    <None Include="Debug_BlueRay\Scripts\blu-ray.meta" />
    <None Include="Debug_DVD\Encoder\cygfreetype-6.dll" />
    <None Include="Debug_DVD\Encoder\cygfribidi-0.dll" />
    <None Include="Debug_DVD\Encoder\cygiconv-2.dll" />
    <None Include="Debug_DVD\Encoder\cygpng12.dll" />
    <None Include="Debug_DVD\Encoder\cygwin1.dll" />
    <None Include="Debug_DVD\Encoder\cygxml2-2.dll" />
    <None Include="Debug_DVD\Encoder\cygz.dll" />
    <None Include="Debug_DVD\Scripts\DirectShowSource.dll" />
    <None Include="Debug_DVD\Profiles\dvd.xml" />
    <None Include="Debug_DVD\Encoder\dvdauthor.exe" />
    <None Include="Debug_DVD\Scripts\DVDAuthor.xml" />
    <None Include="Debug_DVD\Scripts\DVDMenu.avs" />
    <None Include="Debug_BlueRay\Scripts\Encoding.avs" />
    <None Include="Debug_DVD\Scripts\Encoding.avs" />
    <None Include="Debug_BlueRay\Encoder\ffmpeg.exe" />
    <None Include="Debug_DVD\Encoder\ffmpeg.exe" />
    <None Include="Debug_BlueRay\Scripts\Functions.avs" />
    <None Include="Debug_DVD\Scripts\Functions.avs" />
    <None Include="Debug_DVD\Encoder\LICENSE.txt" />
    <None Include="Debug_BlueRay\Encoder\LICENSE.txt" />
    <None Include="res\music.psd" />
    <None Include="res\player.psd" />
    <None Include="Debug_DVD\Scripts\Preview.avs" />
    <None Include="Debug_BlueRay\Scripts\Preview.avs" />
    <None Include="res\profile.psd" />
    <None Include="Debug_DVD\Profiles\Profiles.xml" />
    <None Include="Debug_BlueRay\Profiles\Profiles.xml" />
    <None Include="Debug_DVD\Encoder\spumux.exe" />
    <None Include="Debug_DVD\Scripts\spumux.xml" />
    <None Include="Debug_DVD\Scripts\Thumbnail.avs" />
    <None Include="Debug_BlueRay\Scripts\Thumbnail.avs" />
    <None Include="ToDo.txt" />
    <None Include="res\toolbar.psd" />
    <None Include="Debug_BlueRay\Scripts\Trim.avs" />
    <None Include="Debug_DVD\Scripts\Trim.avs" />
    <None Include="Debug_BlueRay\Encoder\tsMuxeR.exe" />
  </ItemGroup>
  <ItemGroup>
    <ResourceCompile Include="Converter.rc">
      <Filter>Resource Files</Filter>
    </ResourceCompile>
  </ItemGroup>
  <ItemGroup>
    <Manifest Include="res\Converter.manifest" />
  </ItemGroup>
  <ItemGroup>
    <CustomBuildStep Include="CDVDDevice.h">
      <Filter>Header Files</Filter>
    </CustomBuildStep>
  </ItemGroup>
</Project>